
Microsoft Visual Studio Solution File, Format Version 12.00
# Visual Studio Version 17
VisualStudioVersion = 17.5.33627.172
MinimumVisualStudioVersion = 10.0.40219.1
Project("{FAE04EC0-301F-11D3-BF4B-00C04F79EFBC}") = "LibraryManagement", "src\LibraryManagement.csproj", "{7006E3C5-492D-48DE-85CC-6A108BF5A892}"
EndProject
Project("{FAE04EC0-301F-11D3-BF4B-00C04F79EFBC}") = "LibraryManagement.Tests", "tests\LibraryManagement.Tests\LibraryManagement.Tests.csproj", "{43ABD208-0AB4-461A-B642-572CC560D6FB}"
EndProject
Global
	GlobalSection(SolutionConfigurationPlatforms) = preSolution
		Debug|Any CPU = Debug|Any CPU
		Release|Any CPU = Release|Any CPU
	EndGlobalSection
	GlobalSection(ProjectConfigurationPlatforms) = postSolution
		{7006E3C5-492D-48DE-85CC-6A108BF5A892}.Debug|Any CPU.ActiveCfg = Debug|Any CPU
		{7006E3C5-492D-48DE-85CC-6A108BF5A892}.Debug|Any CPU.Build.0 = Debug|Any CPU
		{7006E3C5-492D-48DE-85CC-6A108BF5A892}.Release|Any CPU.ActiveCfg = Release|Any CPU
		{7006E3C5-492D-48DE-85CC-6A108BF5A892}.Release|Any CPU.Build.0 = Release|Any CPU
		{43ABD208-0AB4-461A-B642-572CC560D6FB}.Debug|Any CPU.ActiveCfg = Debug|Any CPU
		{43ABD208-0AB4-461A-B642-572CC560D6FB}.Debug|Any CPU.Build.0 = Debug|Any CPU
		{43ABD208-0AB4-461A-B642-572CC560D6FB}.Release|Any CPU.ActiveCfg = Release|Any CPU
		{43ABD208-0AB4-461A-B642-572CC560D6FB}.Release|Any CPU.Build.0 = Release|Any CPU
	EndGlobalSection
	GlobalSection(SolutionProperties) = preSolution
		HideSolutionNode = FALSE
	EndGlobalSection
	GlobalSection(ExtensibilityGlobals) = postSolution
		SolutionGuid = {23AEEFB8-C029-4747-B567-33F8FDB33AF7}
	EndGlobalSection
EndGlobal
